// !$*UTF8*$!
{
	archiveVersion = 1;
	classes = {
	};
	objectVersion = 46;
	objects = {

/* Begin PBXBuildFile section */
		3F87A46820C0CD4A00967028 /* AppDelegate.swift in Sources */ = {isa = PBXBuildFile; fileRef = 3F87A46720C0CD4A00967028 /* AppDelegate.swift */; };
		3F87A46A20C0CD4A00967028 /* DisplayMVPController.swift in Sources */ = {isa = PBXBuildFile; fileRef = 3F87A46920C0CD4A00967028 /* DisplayMVPController.swift */; };
		3F87A47120C0CD4A00967028 /* Assets.xcassets in Resources */ = {isa = PBXBuildFile; fileRef = 3F87A47020C0CD4A00967028 /* Assets.xcassets */; };
		3F87A47420C0CD4A00967028 /* LaunchScreen.storyboard in Resources */ = {isa = PBXBuildFile; fileRef = 3F87A47220C0CD4A00967028 /* LaunchScreen.storyboard */; };
		3F87A47F20C0CD4A00967028 /* oefening1Tests.swift in Sources */ = {isa = PBXBuildFile; fileRef = 3F87A47E20C0CD4A00967028 /* oefening1Tests.swift */; };
		3F87A48A20C0CD4A00967028 /* oefening1UITests.swift in Sources */ = {isa = PBXBuildFile; fileRef = 3F87A48920C0CD4A00967028 /* oefening1UITests.swift */; };
		3F87A49820C0CDAE00967028 /* Person.swift in Sources */ = {isa = PBXBuildFile; fileRef = 3F87A49720C0CDAE00967028 /* Person.swift */; };
		3F87A49B20C0D50200967028 /* placeholder.png in Resources */ = {isa = PBXBuildFile; fileRef = 3F87A49920C0D50200967028 /* placeholder.png */; };
		3F87A49C20C0D50200967028 /* thumbs-up.png in Resources */ = {isa = PBXBuildFile; fileRef = 3F87A49A20C0D50200967028 /* thumbs-up.png */; };
		3F87A49E20C0DD1C00967028 /* PersonData.swift in Sources */ = {isa = PBXBuildFile; fileRef = 3F87A49D20C0DD1C00967028 /* PersonData.swift */; };
		3F87A4A120C0E0BF00967028 /* CoreLocation.framework in Frameworks */ = {isa = PBXBuildFile; fileRef = 3F87A4A020C0E0BF00967028 /* CoreLocation.framework */; };
		3F87A4A320C0E6BE00967028 /* LocationMVPController.swift in Sources */ = {isa = PBXBuildFile; fileRef = 3F87A4A220C0E6BE00967028 /* LocationMVPController.swift */; };
		3F87A4A620C1F1E900967028 /* PersonDesc.swift in Sources */ = {isa = PBXBuildFile; fileRef = 3F87A4A520C1F1E900967028 /* PersonDesc.swift */; };
		3F87A4AD20C1F7AB00967028 /* Main.storyboard in Resources */ = {isa = PBXBuildFile; fileRef = 3F87A46D20C0CD4A00967028 /* Main.storyboard */; };
		3F87A4AF20C1F83B00967028 /* MapKit.framework in Frameworks */ = {isa = PBXBuildFile; fileRef = 3F87A4AE20C1F83B00967028 /* MapKit.framework */; };
		3F87A4B120C2039A00967028 /* DetailsMVPController.swift in Sources */ = {isa = PBXBuildFile; fileRef = 3F87A4B020C2039A00967028 /* DetailsMVPController.swift */; };
/* End PBXBuildFile section */

/* Begin PBXContainerItemProxy section */
		3F87A47B20C0CD4A00967028 /* PBXContainerItemProxy */ = {
			isa = PBXContainerItemProxy;
			containerPortal = 3F87A45C20C0CD4A00967028 /* Project object */;
			proxyType = 1;
			remoteGlobalIDString = 3F87A46320C0CD4A00967028;
			remoteInfo = oefening1;
		};
		3F87A48620C0CD4A00967028 /* PBXContainerItemProxy */ = {
			isa = PBXContainerItemProxy;
			containerPortal = 3F87A45C20C0CD4A00967028 /* Project object */;
			proxyType = 1;
			remoteGlobalIDString = 3F87A46320C0CD4A00967028;
			remoteInfo = oefening1;
		};
/* End PBXContainerItemProxy section */

/* Begin PBXFileReference section */
		3F87A46420C0CD4A00967028 /* oefening1.app */ = {isa = PBXFileReference; explicitFileType = wrapper.application; includeInIndex = 0; path = oefening1.app; sourceTree = BUILT_PRODUCTS_DIR; };
		3F87A46720C0CD4A00967028 /* AppDelegate.swift */ = {isa = PBXFileReference; lastKnownFileType = sourcecode.swift; path = AppDelegate.swift; sourceTree = "<group>"; };
		3F87A46920C0CD4A00967028 /* DisplayMVPController.swift */ = {isa = PBXFileReference; lastKnownFileType = sourcecode.swift; path = DisplayMVPController.swift; sourceTree = "<group>"; };
		3F87A46E20C0CD4A00967028 /* Base */ = {isa = PBXFileReference; lastKnownFileType = file.storyboard; name = Base; path = Base.lproj/Main.storyboard; sourceTree = "<group>"; };
		3F87A47020C0CD4A00967028 /* Assets.xcassets */ = {isa = PBXFileReference; lastKnownFileType = folder.assetcatalog; path = Assets.xcassets; sourceTree = "<group>"; };
		3F87A47320C0CD4A00967028 /* Base */ = {isa = PBXFileReference; lastKnownFileType = file.storyboard; name = Base; path = Base.lproj/LaunchScreen.storyboard; sourceTree = "<group>"; };
		3F87A47520C0CD4A00967028 /* Info.plist */ = {isa = PBXFileReference; lastKnownFileType = text.plist.xml; path = Info.plist; sourceTree = "<group>"; };
		3F87A47A20C0CD4A00967028 /* oefening1Tests.xctest */ = {isa = PBXFileReference; explicitFileType = wrapper.cfbundle; includeInIndex = 0; path = oefening1Tests.xctest; sourceTree = BUILT_PRODUCTS_DIR; };
		3F87A47E20C0CD4A00967028 /* oefening1Tests.swift */ = {isa = PBXFileReference; lastKnownFileType = sourcecode.swift; path = oefening1Tests.swift; sourceTree = "<group>"; };
		3F87A48020C0CD4A00967028 /* Info.plist */ = {isa = PBXFileReference; lastKnownFileType = text.plist.xml; path = Info.plist; sourceTree = "<group>"; };
		3F87A48520C0CD4A00967028 /* oefening1UITests.xctest */ = {isa = PBXFileReference; explicitFileType = wrapper.cfbundle; includeInIndex = 0; path = oefening1UITests.xctest; sourceTree = BUILT_PRODUCTS_DIR; };
		3F87A48920C0CD4A00967028 /* oefening1UITests.swift */ = {isa = PBXFileReference; lastKnownFileType = sourcecode.swift; path = oefening1UITests.swift; sourceTree = "<group>"; };
		3F87A48B20C0CD4A00967028 /* Info.plist */ = {isa = PBXFileReference; lastKnownFileType = text.plist.xml; path = Info.plist; sourceTree = "<group>"; };
		3F87A49720C0CDAE00967028 /* Person.swift */ = {isa = PBXFileReference; fileEncoding = 4; lastKnownFileType = sourcecode.swift; path = Person.swift; sourceTree = "<group>"; };
		3F87A49920C0D50200967028 /* placeholder.png */ = {isa = PBXFileReference; lastKnownFileType = image.png; name = placeholder.png; path = ../../../../Downloads/placeholder.png; sourceTree = "<group>"; };
		3F87A49A20C0D50200967028 /* thumbs-up.png */ = {isa = PBXFileReference; lastKnownFileType = image.png; name = "thumbs-up.png"; path = "../../../../Downloads/thumbs-up.png"; sourceTree = "<group>"; };
		3F87A49D20C0DD1C00967028 /* PersonData.swift */ = {isa = PBXFileReference; fileEncoding = 4; lastKnownFileType = sourcecode.swift; path = PersonData.swift; sourceTree = "<group>"; };
		3F87A4A020C0E0BF00967028 /* CoreLocation.framework */ = {isa = PBXFileReference; lastKnownFileType = wrapper.framework; name = CoreLocation.framework; path = System/Library/Frameworks/CoreLocation.framework; sourceTree = SDKROOT; };
		3F87A4A220C0E6BE00967028 /* LocationMVPController.swift */ = {isa = PBXFileReference; fileEncoding = 4; lastKnownFileType = sourcecode.swift; path = LocationMVPController.swift; sourceTree = "<group>"; };
		3F87A4A520C1F1E900967028 /* PersonDesc.swift */ = {isa = PBXFileReference; fileEncoding = 4; lastKnownFileType = sourcecode.swift; path = PersonDesc.swift; sourceTree = "<group>"; };
		3F87A4AC20C1F7AA00967028 /* en */ = {isa = PBXFileReference; lastKnownFileType = text.plist.strings; name = en; path = en.lproj/Main.strings; sourceTree = "<group>"; };
		3F87A4AE20C1F83B00967028 /* MapKit.framework */ = {isa = PBXFileReference; lastKnownFileType = wrapper.framework; name = MapKit.framework; path = System/Library/Frameworks/MapKit.framework; sourceTree = SDKROOT; };
		3F87A4B020C2039A00967028 /* DetailsMVPController.swift */ = {isa = PBXFileReference; fileEncoding = 4; lastKnownFileType = sourcecode.swift; path = DetailsMVPController.swift; sourceTree = "<group>"; };
/* End PBXFileReference section */

/* Begin PBXFrameworksBuildPhase section */
		3F87A46120C0CD4A00967028 /* Frameworks */ = {
			isa = PBXFrameworksBuildPhase;
			buildActionMask = 2147483647;
			files = (
				3F87A4AF20C1F83B00967028 /* MapKit.framework in Frameworks */,
				3F87A4A120C0E0BF00967028 /* CoreLocation.framework in Frameworks */,
			);
			runOnlyForDeploymentPostprocessing = 0;
		};
		3F87A47720C0CD4A00967028 /* Frameworks */ = {
			isa = PBXFrameworksBuildPhase;
			buildActionMask = 2147483647;
			files = (
			);
			runOnlyForDeploymentPostprocessing = 0;
		};
		3F87A48220C0CD4A00967028 /* Frameworks */ = {
			isa = PBXFrameworksBuildPhase;
			buildActionMask = 2147483647;
			files = (
			);
			runOnlyForDeploymentPostprocessing = 0;
		};
/* End PBXFrameworksBuildPhase section */

/* Begin PBXGroup section */
		3F87A45B20C0CD4A00967028 = {
			isa = PBXGroup;
			children = (
				3F87A46620C0CD4A00967028 /* oefening1 */,
				3F87A47D20C0CD4A00967028 /* oefening1Tests */,
				3F87A48820C0CD4A00967028 /* oefening1UITests */,
				3F87A46520C0CD4A00967028 /* Products */,
				3F87A49F20C0E0BE00967028 /* Frameworks */,
			);
			sourceTree = "<group>";
		};
		3F87A46520C0CD4A00967028 /* Products */ = {
			isa = PBXGroup;
			children = (
				3F87A46420C0CD4A00967028 /* oefening1.app */,
				3F87A47A20C0CD4A00967028 /* oefening1Tests.xctest */,
				3F87A48520C0CD4A00967028 /* oefening1UITests.xctest */,
			);
			name = Products;
			sourceTree = "<group>";
		};
		3F87A46620C0CD4A00967028 /* oefening1 */ = {
			isa = PBXGroup;
			children = (
				3F87A46720C0CD4A00967028 /* AppDelegate.swift */,
				3F87A47020C0CD4A00967028 /* Assets.xcassets */,
				3F87A47520C0CD4A00967028 /* Info.plist */,
				3F87A47220C0CD4A00967028 /* LaunchScreen.storyboard */,
				3F87A46920C0CD4A00967028 /* DisplayMVPController.swift */,
				3F87A4A220C0E6BE00967028 /* LocationMVPController.swift */,
				3F87A46D20C0CD4A00967028 /* Main.storyboard */,
				3F87A49720C0CDAE00967028 /* Person.swift */,
				3F87A49D20C0DD1C00967028 /* PersonData.swift */,
				3F87A4A520C1F1E900967028 /* PersonDesc.swift */,
				3F87A49920C0D50200967028 /* placeholder.png */,
				3F87A49A20C0D50200967028 /* thumbs-up.png */,
				3F87A4B020C2039A00967028 /* DetailsMVPController.swift */,
			);
			path = oefening1;
			sourceTree = "<group>";
		};
		3F87A47D20C0CD4A00967028 /* oefening1Tests */ = {
			isa = PBXGroup;
			children = (
				3F87A47E20C0CD4A00967028 /* oefening1Tests.swift */,
				3F87A48020C0CD4A00967028 /* Info.plist */,
			);
			path = oefening1Tests;
			sourceTree = "<group>";
		};
		3F87A48820C0CD4A00967028 /* oefening1UITests */ = {
			isa = PBXGroup;
			children = (
				3F87A48920C0CD4A00967028 /* oefening1UITests.swift */,
				3F87A48B20C0CD4A00967028 /* Info.plist */,
			);
			path = oefening1UITests;
			sourceTree = "<group>";
		};
		3F87A49F20C0E0BE00967028 /* Frameworks */ = {
			isa = PBXGroup;
			children = (
				3F87A4AE20C1F83B00967028 /* MapKit.framework */,
				3F87A4A020C0E0BF00967028 /* CoreLocation.framework */,
			);
			name = Frameworks;
			sourceTree = "<group>";
		};
/* End PBXGroup section */

/* Begin PBXNativeTarget section */
		3F87A46320C0CD4A00967028 /* oefening1 */ = {
			isa = PBXNativeTarget;
			buildConfigurationList = 3F87A48E20C0CD4A00967028 /* Build configuration list for PBXNativeTarget "oefening1" */;
			buildPhases = (
				3F87A46020C0CD4A00967028 /* Sources */,
				3F87A46220C0CD4A00967028 /* Resources */,
				3F87A46120C0CD4A00967028 /* Frameworks */,
			);
			buildRules = (
			);
			dependencies = (
			);
			name = oefening1;
			productName = oefening1;
			productReference = 3F87A46420C0CD4A00967028 /* oefening1.app */;
			productType = "com.apple.product-type.application";
		};
		3F87A47920C0CD4A00967028 /* oefening1Tests */ = {
			isa = PBXNativeTarget;
			buildConfigurationList = 3F87A49120C0CD4A00967028 /* Build configuration list for PBXNativeTarget "oefening1Tests" */;
			buildPhases = (
				3F87A47620C0CD4A00967028 /* Sources */,
				3F87A47720C0CD4A00967028 /* Frameworks */,
				3F87A47820C0CD4A00967028 /* Resources */,
			);
			buildRules = (
			);
			dependencies = (
				3F87A47C20C0CD4A00967028 /* PBXTargetDependency */,
			);
			name = oefening1Tests;
			productName = oefening1Tests;
			productReference = 3F87A47A20C0CD4A00967028 /* oefening1Tests.xctest */;
			productType = "com.apple.product-type.bundle.unit-test";
		};
		3F87A48420C0CD4A00967028 /* oefening1UITests */ = {
			isa = PBXNativeTarget;
			buildConfigurationList = 3F87A49420C0CD4A00967028 /* Build configuration list for PBXNativeTarget "oefening1UITests" */;
			buildPhases = (
				3F87A48120C0CD4A00967028 /* Sources */,
				3F87A48220C0CD4A00967028 /* Frameworks */,
				3F87A48320C0CD4A00967028 /* Resources */,
			);
			buildRules = (
			);
			dependencies = (
				3F87A48720C0CD4A00967028 /* PBXTargetDependency */,
			);
			name = oefening1UITests;
			productName = oefening1UITests;
			productReference = 3F87A48520C0CD4A00967028 /* oefening1UITests.xctest */;
			productType = "com.apple.product-type.bundle.ui-testing";
		};
/* End PBXNativeTarget section */

/* Begin PBXProject section */
		3F87A45C20C0CD4A00967028 /* Project object */ = {
			isa = PBXProject;
			attributes = {
				LastSwiftUpdateCheck = 0820;
				LastUpgradeCheck = 0820;
				ORGANIZATIONNAME = student;
				TargetAttributes = {
					3F87A46320C0CD4A00967028 = {
						CreatedOnToolsVersion = 8.2.1;
						ProvisioningStyle = Automatic;
						SystemCapabilities = {
							com.apple.Maps.iOS = {
								enabled = 1;
							};
						};
					};
					3F87A47920C0CD4A00967028 = {
						CreatedOnToolsVersion = 8.2.1;
						ProvisioningStyle = Automatic;
						TestTargetID = 3F87A46320C0CD4A00967028;
					};
					3F87A48420C0CD4A00967028 = {
						CreatedOnToolsVersion = 8.2.1;
						ProvisioningStyle = Automatic;
						TestTargetID = 3F87A46320C0CD4A00967028;
					};
				};
			};
			buildConfigurationList = 3F87A45F20C0CD4A00967028 /* Build configuration list for PBXProject "oefening1" */;
			compatibilityVersion = "Xcode 3.2";
			developmentRegion = English;
			hasScannedForEncodings = 0;
			knownRegions = (
				en,
				Base,
			);
			mainGroup = 3F87A45B20C0CD4A00967028;
			productRefGroup = 3F87A46520C0CD4A00967028 /* Products */;
			projectDirPath = "";
			projectRoot = "";
			targets = (
				3F87A46320C0CD4A00967028 /* oefening1 */,
				3F87A47920C0CD4A00967028 /* oefening1Tests */,
				3F87A48420C0CD4A00967028 /* oefening1UITests */,
			);
		};
/* End PBXProject section */

/* Begin PBXResourcesBuildPhase section */
		3F87A46220C0CD4A00967028 /* Resources */ = {
			isa = PBXResourcesBuildPhase;
			buildActionMask = 2147483647;
			files = (
				3F87A47420C0CD4A00967028 /* LaunchScreen.storyboard in Resources */,
				3F87A4AD20C1F7AB00967028 /* Main.storyboard in Resources */,
				3F87A49B20C0D50200967028 /* placeholder.png in Resources */,
				3F87A47120C0CD4A00967028 /* Assets.xcassets in Resources */,
				3F87A49C20C0D50200967028 /* thumbs-up.png in Resources */,
			);
			runOnlyForDeploymentPostprocessing = 0;
		};
		3F87A47820C0CD4A00967028 /* Resources */ = {
			isa = PBXResourcesBuildPhase;
			buildActionMask = 2147483647;
			files = (
			);
			runOnlyForDeploymentPostprocessing = 0;
		};
		3F87A48320C0CD4A00967028 /* Resources */ = {
			isa = PBXResourcesBuildPhase;
			buildActionMask = 2147483647;
			files = (
			);
			runOnlyForDeploymentPostprocessing = 0;
		};
/* End PBXResourcesBuildPhase section */

/* Begin PBXSourcesBuildPhase section */
		3F87A46020C0CD4A00967028 /* Sources */ = {
			isa = PBXSourcesBuildPhase;
			buildActionMask = 2147483647;
			files = (
				3F87A46820C0CD4A00967028 /* AppDelegate.swift in Sources */,
				3F87A49820C0CDAE00967028 /* Person.swift in Sources */,
				3F87A49E20C0DD1C00967028 /* PersonData.swift in Sources */,
				3F87A4A320C0E6BE00967028 /* LocationMVPController.swift in Sources */,
				3F87A46A20C0CD4A00967028 /* DisplayMVPController.swift in Sources */,
				3F87A4B120C2039A00967028 /* DetailsMVPController.swift in Sources */,
				3F87A4A620C1F1E900967028 /* PersonDesc.swift in Sources */,
			);
			runOnlyForDeploymentPostprocessing = 0;
		};
		3F87A47620C0CD4A00967028 /* Sources */ = {
			isa = PBXSourcesBuildPhase;
			buildActionMask = 2147483647;
			files = (
				3F87A47F20C0CD4A00967028 /* oefening1Tests.swift in Sources */,
			);
			runOnlyForDeploymentPostprocessing = 0;
		};
		3F87A48120C0CD4A00967028 /* Sources */ = {
			isa = PBXSourcesBuildPhase;
			buildActionMask = 2147483647;
			files = (
				3F87A48A20C0CD4A00967028 /* oefening1UITests.swift in Sources */,
			);
			runOnlyForDeploymentPostprocessing = 0;
		};
/* End PBXSourcesBuildPhase section */

/* Begin PBXTargetDependency section */
		3F87A47C20C0CD4A00967028 /* PBXTargetDependency */ = {
			isa = PBXTargetDependency;
			target = 3F87A46320C0CD4A00967028 /* oefening1 */;
			targetProxy = 3F87A47B20C0CD4A00967028 /* PBXContainerItemProxy */;
		};
		3F87A48720C0CD4A00967028 /* PBXTargetDependency */ = {
			isa = PBXTargetDependency;
			target = 3F87A46320C0CD4A00967028 /* oefening1 */;
			targetProxy = 3F87A48620C0CD4A00967028 /* PBXContainerItemProxy */;
		};
/* End PBXTargetDependency section */

/* Begin PBXVariantGroup section */
		3F87A46D20C0CD4A00967028 /* Main.storyboard */ = {
			isa = PBXVariantGroup;
			children = (
				3F87A46E20C0CD4A00967028 /* Base */,
				3F87A4AC20C1F7AA00967028 /* en */,
			);
			name = Main.storyboard;
			sourceTree = "<group>";
		};
		3F87A47220C0CD4A00967028 /* LaunchScreen.storyboard */ = {
			isa = PBXVariantGroup;
			children = (
				3F87A47320C0CD4A00967028 /* Base */,
			);
			name = LaunchScreen.storyboard;
			sourceTree = "<group>";
		};
/* End PBXVariantGroup section */

/* Begin XCBuildConfiguration section */
		3F87A48C20C0CD4A00967028 /* Debug */ = {
			isa = XCBuildConfiguration;
			buildSettings = {
				ALWAYS_SEARCH_USER_PATHS = NO;
				CLANG_ANALYZER_NONNULL = YES;
				CLANG_CXX_LANGUAGE_STANDARD = "gnu++0x";
				CLANG_CXX_LIBRARY = "libc++";
				CLANG_ENABLE_MODULES = YES;
				CLANG_ENABLE_OBJC_ARC = YES;
				CLANG_WARN_BOOL_CONVERSION = YES;
				CLANG_WARN_CONSTANT_CONVERSION = YES;
				CLANG_WARN_DIRECT_OBJC_ISA_USAGE = YES_ERROR;
				CLANG_WARN_DOCUMENTATION_COMMENTS = YES;
				CLANG_WARN_EMPTY_BODY = YES;
				CLANG_WARN_ENUM_CONVERSION = YES;
				CLANG_WARN_INFINITE_RECURSION = YES;
				CLANG_WARN_INT_CONVERSION = YES;
				CLANG_WARN_OBJC_ROOT_CLASS = YES_ERROR;
				CLANG_WARN_SUSPICIOUS_MOVE = YES;
				CLANG_WARN_UNREACHABLE_CODE = YES;
				CLANG_WARN__DUPLICATE_METHOD_MATCH = YES;
				"CODE_SIGN_IDENTITY[sdk=iphoneos*]" = "iPhone Developer";
				COPY_PHASE_STRIP = NO;
				DEBUG_INFORMATION_FORMAT = dwarf;
				ENABLE_STRICT_OBJC_MSGSEND = YES;
				ENABLE_TESTABILITY = YES;
				GCC_C_LANGUAGE_STANDARD = gnu99;
				GCC_DYNAMIC_NO_PIC = NO;
				GCC_NO_COMMON_BLOCKS = YES;
				GCC_OPTIMIZATION_LEVEL = 0;
				GCC_PREPROCESSOR_DEFINITIONS = (
					"DEBUG=1",
					"$(inherited)",
				);
				GCC_WARN_64_TO_32_BIT_CONVERSION = YES;
				GCC_WARN_ABOUT_RETURN_TYPE = YES_ERROR;
				GCC_WARN_UNDECLARED_SELECTOR = YES;
				GCC_WARN_UNINITIALIZED_AUTOS = YES_AGGRESSIVE;
				GCC_WARN_UNUSED_FUNCTION = YES;
				GCC_WARN_UNUSED_VARIABLE = YES;
				IPHONEOS_DEPLOYMENT_TARGET = 10.2;
				MTL_ENABLE_DEBUG_INFO = YES;
				ONLY_ACTIVE_ARCH = YES;
				SDKROOT = iphoneos;
				SWIFT_ACTIVE_COMPILATION_CONDITIONS = DEBUG;
				SWIFT_OPTIMIZATION_LEVEL = "-Onone";
			};
			name = Debug;
		};
		3F87A48D20C0CD4A00967028 /* Release */ = {
			isa = XCBuildConfiguration;
			buildSettings = {
				ALWAYS_SEARCH_USER_PATHS = NO;
				CLANG_ANALYZER_NONNULL = YES;
				CLANG_CXX_LANGUAGE_STANDARD = "gnu++0x";
				CLANG_CXX_LIBRARY = "libc++";
				CLANG_ENABLE_MODULES = YES;
				CLANG_ENABLE_OBJC_ARC = YES;
				CLANG_WARN_BOOL_CONVERSION = YES;
				CLANG_WARN_CONSTANT_CONVERSION = YES;
				CLANG_WARN_DIRECT_OBJC_ISA_USAGE = YES_ERROR;
				CLANG_WARN_DOCUMENTATION_COMMENTS = YES;
				CLANG_WARN_EMPTY_BODY = YES;
				CLANG_WARN_ENUM_CONVERSION = YES;
				CLANG_WARN_INFINITE_RECURSION = YES;
				CLANG_WARN_INT_CONVERSION = YES;
				CLANG_WARN_OBJC_ROOT_CLASS = YES_ERROR;
				CLANG_WARN_SUSPICIOUS_MOVE = YES;
				CLANG_WARN_UNREACHABLE_CODE = YES;
				CLANG_WARN__DUPLICATE_METHOD_MATCH = YES;
				"CODE_SIGN_IDENTITY[sdk=iphoneos*]" = "iPhone Developer";
				COPY_PHASE_STRIP = NO;
				DEBUG_INFORMATION_FORMAT = "dwarf-with-dsym";
				ENABLE_NS_ASSERTIONS = NO;
				ENABLE_STRICT_OBJC_MSGSEND = YES;
				GCC_C_LANGUAGE_STANDARD = gnu99;
				GCC_NO_COMMON_BLOCKS = YES;
				GCC_WARN_64_TO_32_BIT_CONVERSION = YES;
				GCC_WARN_ABOUT_RETURN_TYPE = YES_ERROR;
				GCC_WARN_UNDECLARED_SELECTOR = YES;
				GCC_WARN_UNINITIALIZED_AUTOS = YES_AGGRESSIVE;
				GCC_WARN_UNUSED_FUNCTION = YES;
				GCC_WARN_UNUSED_VARIABLE = YES;
				IPHONEOS_DEPLOYMENT_TARGET = 10.2;
				MTL_ENABLE_DEBUG_INFO = NO;
				SDKROOT = iphoneos;
				SWIFT_OPTIMIZATION_LEVEL = "-Owholemodule";
				VALIDATE_PRODUCT = YES;
			};
			name = Release;
		};
		3F87A48F20C0CD4A00967028 /* Debug */ = {
			isa = XCBuildConfiguration;
			buildSettings = {
				ASSETCATALOG_COMPILER_APPICON_NAME = AppIcon;
				INFOPLIST_FILE = oefening1/Info.plist;
				LD_RUNPATH_SEARCH_PATHS = "$(inherited) @executable_path/Frameworks";
				PRODUCT_BUNDLE_IDENTIFIER = student.oefening1;
				PRODUCT_NAME = "$(TARGET_NAME)";
				SWIFT_VERSION = 3.0;
			};
			name = Debug;
		};
		3F87A49020C0CD4A00967028 /* Release */ = {
			isa = XCBuildConfiguration;
			buildSettings = {
				ASSETCATALOG_COMPILER_APPICON_NAME = AppIcon;
				INFOPLIST_FILE = oefening1/Info.plist;
				LD_RUNPATH_SEARCH_PATHS = "$(inherited) @executable_path/Frameworks";
				PRODUCT_BUNDLE_IDENTIFIER = student.oefening1;
				PRODUCT_NAME = "$(TARGET_NAME)";
				SWIFT_VERSION = 3.0;
			};
			name = Release;
		};
		3F87A49220C0CD4A00967028 /* Debug */ = {
			isa = XCBuildConfiguration;
			buildSettings = {
				ALWAYS_EMBED_SWIFT_STANDARD_LIBRARIES = YES;
				BUNDLE_LOADER = "$(TEST_HOST)";
				INFOPLIST_FILE = oefening1Tests/Info.plist;
				LD_RUNPATH_SEARCH_PATHS = "$(inherited) @executable_path/Frameworks @loader_path/Frameworks";
				PRODUCT_BUNDLE_IDENTIFIER = student.oefening1Tests;
				PRODUCT_NAME = "$(TARGET_NAME)";
				SWIFT_VERSION = 3.0;
				TEST_HOST = "$(BUILT_PRODUCTS_DIR)/oefening1.app/oefening1";
			};
			name = Debug;
		};
		3F87A49320C0CD4A00967028 /* Release */ = {
			isa = XCBuildConfiguration;
			buildSettings = {
				ALWAYS_EMBED_SWIFT_STANDARD_LIBRARIES = YES;
				BUNDLE_LOADER = "$(TEST_HOST)";
				INFOPLIST_FILE = oefening1Tests/Info.plist;
				LD_RUNPATH_SEARCH_PATHS = "$(inherited) @executable_path/Frameworks @loader_path/Frameworks";
				PRODUCT_BUNDLE_IDENTIFIER = student.oefening1Tests;
				PRODUCT_NAME = "$(TARGET_NAME)";
				SWIFT_VERSION = 3.0;
				TEST_HOST = "$(BUILT_PRODUCTS_DIR)/oefening1.app/oefening1";
			};
			name = Release;
		};
		3F87A49520C0CD4A00967028 /* Debug */ = {
			isa = XCBuildConfiguration;
			buildSettings = {
				ALWAYS_EMBED_SWIFT_STANDARD_LIBRARIES = YES;
				INFOPLIST_FILE = oefening1UITests/Info.plist;
				LD_RUNPATH_SEARCH_PATHS = "$(inherited) @executable_path/Frameworks @loader_path/Frameworks";
				PRODUCT_BUNDLE_IDENTIFIER = student.oefening1UITests;
				PRODUCT_NAME = "$(TARGET_NAME)";
				SWIFT_VERSION = 3.0;
				TEST_TARGET_NAME = oefening1;
			};
			name = Debug;
		};
		3F87A49620C0CD4A00967028 /* Release */ = {
			isa = XCBuildConfiguration;
			buildSettings = {
				ALWAYS_EMBED_SWIFT_STANDARD_LIBRARIES = YES;
				INFOPLIST_FILE = oefening1UITests/Info.plist;
				LD_RUNPATH_SEARCH_PATHS = "$(inherited) @executable_path/Frameworks @loader_path/Frameworks";
				PRODUCT_BUNDLE_IDENTIFIER = student.oefening1UITests;
				PRODUCT_NAME = "$(TARGET_NAME)";
				SWIFT_VERSION = 3.0;
				TEST_TARGET_NAME = oefening1;
			};
			name = Release;
		};
/* End XCBuildConfiguration section */

/* Begin XCConfigurationList section */
		3F87A45F20C0CD4A00967028 /* Build configuration list for PBXProject "oefening1" */ = {
			isa = XCConfigurationList;
			buildConfigurations = (
				3F87A48C20C0CD4A00967028 /* Debug */,
				3F87A48D20C0CD4A00967028 /* Release */,
			);
			defaultConfigurationIsVisible = 0;
			defaultConfigurationName = Release;
		};
		3F87A48E20C0CD4A00967028 /* Build configuration list for PBXNativeTarget "oefening1" */ = {
			isa = XCConfigurationList;
			buildConfigurations = (
				3F87A48F20C0CD4A00967028 /* Debug */,
				3F87A49020C0CD4A00967028 /* Release */,
			);
			defaultConfigurationIsVisible = 0;
			defaultConfigurationName = Release;
		};
		3F87A49120C0CD4A00967028 /* Build configuration list for PBXNativeTarget "oefening1Tests" */ = {
			isa = XCConfigurationList;
			buildConfigurations = (
				3F87A49220C0CD4A00967028 /* Debug */,
				3F87A49320C0CD4A00967028 /* Release */,
			);
			defaultConfigurationIsVisible = 0;
			defaultConfigurationName = Release;
		};
		3F87A49420C0CD4A00967028 /* Build configuration list for PBXNativeTarget "oefening1UITests" */ = {
			isa = XCConfigurationList;
			buildConfigurations = (
				3F87A49520C0CD4A00967028 /* Debug */,
				3F87A49620C0CD4A00967028 /* Release */,
			);
			defaultConfigurationIsVisible = 0;
			defaultConfigurationName = Release;
		};
/* End XCConfigurationList section */
	};
	rootObject = 3F87A45C20C0CD4A00967028 /* Project object */;
}
